
Microsoft Visual Studio Solution File, Format Version 12.00
# Visual Studio Version 16
VisualStudioVersion = 16.0.31829.152
MinimumVisualStudioVersion = 10.0.40219.1
Project("{FAE04EC0-301F-11D3-BF4B-00C04F79EFBC}") = "ClientProxyForm-P5-20190140135", "ClientProxyForm-P5-20190140135\ClientProxyForm-P5-20190140135.csproj", "{20CBB7AD-8FA8-492B-895D-32B10A18A29D}"
EndProject
Global
	GlobalSection(SolutionConfigurationPlatforms) = preSolution
		Debug|Any CPU = Debug|Any CPU
		Release|Any CPU = Release|Any CPU
	EndGlobalSection
	GlobalSection(ProjectConfigurationPlatforms) = postSolution
		{20CBB7AD-8FA8-492B-895D-32B10A18A29D}.Debug|Any CPU.ActiveCfg = Debug|Any CPU
		{20CBB7AD-8FA8-492B-895D-32B10A18A29D}.Debug|Any CPU.Build.0 = Debug|Any CPU
		{20CBB7AD-8FA8-492B-895D-32B10A18A29D}.Release|Any CPU.ActiveCfg = Release|Any CPU
		{20CBB7AD-8FA8-492B-895D-32B10A18A29D}.Release|Any CPU.Build.0 = Release|Any CPU
	EndGlobalSection
	GlobalSection(SolutionProperties) = preSolution
		HideSolutionNode = FALSE
	EndGlobalSection
	GlobalSection(ExtensibilityGlobals) = postSolution
		SolutionGuid = {C8DA15BA-866C-4C84-923F-CD60FC454C93}
	EndGlobalSection
EndGlobal
